
Microsoft Visual Studio Solution File, Format Version 12.00
# Visual Studio 15
VisualStudioVersion = 15.0.26730.12
MinimumVisualStudioVersion = 10.0.40219.1
Project("{FAE04EC0-301F-11D3-BF4B-00C04F79EFBC}") = "Library.WebApp", "Library.WebApp\Library.WebApp.csproj", "{27EE04B6-A767-45E3-BCA0-B094B2A4B487}"
EndProject
Project("{2150E333-8FDC-42A3-9474-1A3956D46DE8}") = "Domain", "Domain", "{DB50D500-D92F-4085-905D-24F8B6DBA7A9}"
EndProject
Project("{2150E333-8FDC-42A3-9474-1A3956D46DE8}") = "Core", "Core", "{73807480-9F1F-452B-9855-45880B9FF797}"
EndProject
Project("{2150E333-8FDC-42A3-9474-1A3956D46DE8}") = "EF", "EF", "{DAC65921-ECCD-4E89-9E88-2D326B711045}"
EndProject
Project("{2150E333-8FDC-42A3-9474-1A3956D46DE8}") = "BLL", "BLL", "{57426FFE-1022-4C92-A985-EB4BDC559F82}"
EndProject
Project("{FAE04EC0-301F-11D3-BF4B-00C04F79EFBC}") = "Library.Domain", "Library.Domain\Library.Domain.csproj", "{BFD2EB43-6389-4AFA-A165-D376047578EF}"
EndProject
Project("{FAE04EC0-301F-11D3-BF4B-00C04F79EFBC}") = "Library.AppContext", "Library.AppContext\Library.AppContext.csproj", "{A9FEAD9A-31D1-449C-9645-2990B613EB7B}"
EndProject
Project("{FAE04EC0-301F-11D3-BF4B-00C04F79EFBC}") = "Library.Entities", "Library.Entities\Library.Entities.csproj", "{31577000-C25C-4A60-BF8A-850FB7705024}"
EndProject
Project("{FAE04EC0-301F-11D3-BF4B-00C04F79EFBC}") = "Library.Repositories", "Library.Repositories\Library.Repositories.csproj", "{212B1DE2-FD30-44EE-B180-414841E41A65}"
EndProject
Project("{FAE04EC0-301F-11D3-BF4B-00C04F79EFBC}") = "Library.BLL", "Library.BLL\Library.BLL.csproj", "{7014D3B5-D1E6-4595-9AFD-7E9D8312E8C9}"
EndProject
Project("{FAE04EC0-301F-11D3-BF4B-00C04F79EFBC}") = "Library.UnitOfWork", "Library.UnitOfWork\Library.UnitOfWork.csproj", "{94357469-82A2-4D23-83F0-296097D835BC}"
EndProject
Global
	GlobalSection(SolutionConfigurationPlatforms) = preSolution
		Debug|Any CPU = Debug|Any CPU
		Release|Any CPU = Release|Any CPU
	EndGlobalSection
	GlobalSection(ProjectConfigurationPlatforms) = postSolution
		{27EE04B6-A767-45E3-BCA0-B094B2A4B487}.Debug|Any CPU.ActiveCfg = Debug|Any CPU
		{27EE04B6-A767-45E3-BCA0-B094B2A4B487}.Debug|Any CPU.Build.0 = Debug|Any CPU
		{27EE04B6-A767-45E3-BCA0-B094B2A4B487}.Release|Any CPU.ActiveCfg = Release|Any CPU
		{27EE04B6-A767-45E3-BCA0-B094B2A4B487}.Release|Any CPU.Build.0 = Release|Any CPU
		{BFD2EB43-6389-4AFA-A165-D376047578EF}.Debug|Any CPU.ActiveCfg = Debug|Any CPU
		{BFD2EB43-6389-4AFA-A165-D376047578EF}.Debug|Any CPU.Build.0 = Debug|Any CPU
		{BFD2EB43-6389-4AFA-A165-D376047578EF}.Release|Any CPU.ActiveCfg = Release|Any CPU
		{BFD2EB43-6389-4AFA-A165-D376047578EF}.Release|Any CPU.Build.0 = Release|Any CPU
		{A9FEAD9A-31D1-449C-9645-2990B613EB7B}.Debug|Any CPU.ActiveCfg = Debug|Any CPU
		{A9FEAD9A-31D1-449C-9645-2990B613EB7B}.Debug|Any CPU.Build.0 = Debug|Any CPU
		{A9FEAD9A-31D1-449C-9645-2990B613EB7B}.Release|Any CPU.ActiveCfg = Release|Any CPU
		{A9FEAD9A-31D1-449C-9645-2990B613EB7B}.Release|Any CPU.Build.0 = Release|Any CPU
		{31577000-C25C-4A60-BF8A-850FB7705024}.Debug|Any CPU.ActiveCfg = Debug|Any CPU
		{31577000-C25C-4A60-BF8A-850FB7705024}.Debug|Any CPU.Build.0 = Debug|Any CPU
		{31577000-C25C-4A60-BF8A-850FB7705024}.Release|Any CPU.ActiveCfg = Release|Any CPU
		{31577000-C25C-4A60-BF8A-850FB7705024}.Release|Any CPU.Build.0 = Release|Any CPU
		{212B1DE2-FD30-44EE-B180-414841E41A65}.Debug|Any CPU.ActiveCfg = Debug|Any CPU
		{212B1DE2-FD30-44EE-B180-414841E41A65}.Debug|Any CPU.Build.0 = Debug|Any CPU
		{212B1DE2-FD30-44EE-B180-414841E41A65}.Release|Any CPU.ActiveCfg = Release|Any CPU
		{212B1DE2-FD30-44EE-B180-414841E41A65}.Release|Any CPU.Build.0 = Release|Any CPU
		{7014D3B5-D1E6-4595-9AFD-7E9D8312E8C9}.Debug|Any CPU.ActiveCfg = Debug|Any CPU
		{7014D3B5-D1E6-4595-9AFD-7E9D8312E8C9}.Debug|Any CPU.Build.0 = Debug|Any CPU
		{7014D3B5-D1E6-4595-9AFD-7E9D8312E8C9}.Release|Any CPU.ActiveCfg = Release|Any CPU
		{7014D3B5-D1E6-4595-9AFD-7E9D8312E8C9}.Release|Any CPU.Build.0 = Release|Any CPU
		{94357469-82A2-4D23-83F0-296097D835BC}.Debug|Any CPU.ActiveCfg = Debug|Any CPU
		{94357469-82A2-4D23-83F0-296097D835BC}.Debug|Any CPU.Build.0 = Debug|Any CPU
		{94357469-82A2-4D23-83F0-296097D835BC}.Release|Any CPU.ActiveCfg = Release|Any CPU
		{94357469-82A2-4D23-83F0-296097D835BC}.Release|Any CPU.Build.0 = Release|Any CPU
	EndGlobalSection
	GlobalSection(SolutionProperties) = preSolution
		HideSolutionNode = FALSE
	EndGlobalSection
	GlobalSection(NestedProjects) = preSolution
		{73807480-9F1F-452B-9855-45880B9FF797} = {DB50D500-D92F-4085-905D-24F8B6DBA7A9}
		{DAC65921-ECCD-4E89-9E88-2D326B711045} = {DB50D500-D92F-4085-905D-24F8B6DBA7A9}
		{BFD2EB43-6389-4AFA-A165-D376047578EF} = {73807480-9F1F-452B-9855-45880B9FF797}
		{A9FEAD9A-31D1-449C-9645-2990B613EB7B} = {DAC65921-ECCD-4E89-9E88-2D326B711045}
		{31577000-C25C-4A60-BF8A-850FB7705024} = {DAC65921-ECCD-4E89-9E88-2D326B711045}
		{212B1DE2-FD30-44EE-B180-414841E41A65} = {DAC65921-ECCD-4E89-9E88-2D326B711045}
		{7014D3B5-D1E6-4595-9AFD-7E9D8312E8C9} = {57426FFE-1022-4C92-A985-EB4BDC559F82}
		{94357469-82A2-4D23-83F0-296097D835BC} = {57426FFE-1022-4C92-A985-EB4BDC559F82}
	EndGlobalSection
	GlobalSection(ExtensibilityGlobals) = postSolution
		SolutionGuid = {9420B940-4D30-41EB-AB0A-0DF92CB6AB98}
	EndGlobalSection
EndGlobal
